Microsoft Visual Studio Solution File, Format Version 12.00
# Visual Studio 2012
Project("{8BC9CEB8-8B4A-11D0-8D11-00A0C91BC942}") = "AUX_Bitmap", "..\..\Auxiliary\Bitmap\AUX_Bitmap.vcxproj", "{9A6AC96B-515D-4019-8E20-E5638190583D}"
EndProject
Project("{8BC9CEB8-8B4A-11D0-8D11-00A0C91BC942}") = "RipGeom", "RipGeom.vcxproj", "{4D5E2D34-EF0F-44FD-9B93-06D57B3D803B}"
EndProject
Project("{8BC9CEB8-8B4A-11D0-8D11-00A0C91BC942}") = "x_files", "..\..\x_files\x_files.vcxproj", "{F5635088-1448-4FC1-B547-8103D37F59D4}"
EndProject
Project("{8BC9CEB8-8B4A-11D0-8D11-00A0C91BC942}") = "x_std", "..\..\x_std\x_std.vcxproj", "{A7C7B531-5C1F-4243-B4FB-5A077FAA39C7}"
EndProject
Global
	GlobalSection(SolutionConfigurationPlatforms) = preSolution
		Debug|Win32 = Debug|Win32
		Dolphin DevKit Debug|Win32 = Dolphin DevKit Debug|Win32
		Dolphin DevKit Release|Win32 = Dolphin DevKit Release|Win32
		Dolphin DVD Debug|Win32 = Dolphin DVD Debug|Win32
		Dolphin DVD Release|Win32 = Dolphin DVD Release|Win32
		PC Debug|Win32 = PC Debug|Win32
		PC Release|Win32 = PC Release|Win32
		PC Server Debug|Win32 = PC Server Debug|Win32
		PC Server Release|Win32 = PC Server Release|Win32
		PS2 DevKit Debug|Win32 = PS2 DevKit Debug|Win32
		PS2 DevKit Release|Win32 = PS2 DevKit Release|Win32
		PS2 DVD Debug|Win32 = PS2 DVD Debug|Win32
		PS2 DVD Release|Win32 = PS2 DVD Release|Win32
		PS2 USB Debug|Win32 = PS2 USB Debug|Win32
		PS2 USB Release|Win32 = PS2 USB Release|Win32
		Release|Win32 = Release|Win32
		XBox DevKit Debug|Win32 = XBox DevKit Debug|Win32
		XBox DevKit Release|Win32 = XBox DevKit Release|Win32
		XBox DVD Debug|Win32 = XBox DVD Debug|Win32
		XBox DVD Release|Win32 = XBox DVD Release|Win32
	EndGlobalSection
	GlobalSection(ProjectConfigurationPlatforms) = postSolution
		{9A6AC96B-515D-4019-8E20-E5638190583D}.Debug|Win32.ActiveCfg = Debug|Win32
		{9A6AC96B-515D-4019-8E20-E5638190583D}.Debug|Win32.Build.0 = Debug|Win32
		{9A6AC96B-515D-4019-8E20-E5638190583D}.Dolphin DevKit Debug|Win32.ActiveCfg = Dolphin DevKit Debug|Win32
		{9A6AC96B-515D-4019-8E20-E5638190583D}.Dolphin DevKit Debug|Win32.Build.0 = Dolphin DevKit Debug|Win32
		{9A6AC96B-515D-4019-8E20-E5638190583D}.Dolphin DevKit Release|Win32.ActiveCfg = Dolphin DevKit Release|Win32
		{9A6AC96B-515D-4019-8E20-E5638190583D}.Dolphin DevKit Release|Win32.Build.0 = Dolphin DevKit Release|Win32
		{9A6AC96B-515D-4019-8E20-E5638190583D}.Dolphin DVD Debug|Win32.ActiveCfg = Dolphin DVD Debug|Win32
		{9A6AC96B-515D-4019-8E20-E5638190583D}.Dolphin DVD Debug|Win32.Build.0 = Dolphin DVD Debug|Win32
		{9A6AC96B-515D-4019-8E20-E5638190583D}.Dolphin DVD Release|Win32.ActiveCfg = Dolphin DVD Release|Win32
		{9A6AC96B-515D-4019-8E20-E5638190583D}.Dolphin DVD Release|Win32.Build.0 = Dolphin DVD Release|Win32
		{9A6AC96B-515D-4019-8E20-E5638190583D}.PC Debug|Win32.ActiveCfg = PC Debug|Win32
		{9A6AC96B-515D-4019-8E20-E5638190583D}.PC Debug|Win32.Build.0 = PC Debug|Win32
		{9A6AC96B-515D-4019-8E20-E5638190583D}.PC Release|Win32.ActiveCfg = PC Release|Win32
		{9A6AC96B-515D-4019-8E20-E5638190583D}.PC Release|Win32.Build.0 = PC Release|Win32
		{9A6AC96B-515D-4019-8E20-E5638190583D}.PC Server Debug|Win32.ActiveCfg = Debug|Win32
		{9A6AC96B-515D-4019-8E20-E5638190583D}.PC Server Debug|Win32.Build.0 = Debug|Win32
		{9A6AC96B-515D-4019-8E20-E5638190583D}.PC Server Release|Win32.ActiveCfg = Release|Win32
		{9A6AC96B-515D-4019-8E20-E5638190583D}.PC Server Release|Win32.Build.0 = Release|Win32
		{9A6AC96B-515D-4019-8E20-E5638190583D}.PS2 DevKit Debug|Win32.ActiveCfg = PS2 DevKit Debug|Win32
		{9A6AC96B-515D-4019-8E20-E5638190583D}.PS2 DevKit Debug|Win32.Build.0 = PS2 DevKit Debug|Win32
		{9A6AC96B-515D-4019-8E20-E5638190583D}.PS2 DevKit Release|Win32.ActiveCfg = PS2 DevKit Release|Win32
		{9A6AC96B-515D-4019-8E20-E5638190583D}.PS2 DevKit Release|Win32.Build.0 = PS2 DevKit Release|Win32
		{9A6AC96B-515D-4019-8E20-E5638190583D}.PS2 DVD Debug|Win32.ActiveCfg = PS2 DVD Debug|Win32
		{9A6AC96B-515D-4019-8E20-E5638190583D}.PS2 DVD Debug|Win32.Build.0 = PS2 DVD Debug|Win32
		{9A6AC96B-515D-4019-8E20-E5638190583D}.PS2 DVD Release|Win32.ActiveCfg = PS2 DVD Release|Win32
		{9A6AC96B-515D-4019-8E20-E5638190583D}.PS2 DVD Release|Win32.Build.0 = PS2 DVD Release|Win32
		{9A6AC96B-515D-4019-8E20-E5638190583D}.PS2 USB Debug|Win32.ActiveCfg = PS2 USB Debug|Win32
		{9A6AC96B-515D-4019-8E20-E5638190583D}.PS2 USB Debug|Win32.Build.0 = PS2 USB Debug|Win32
		{9A6AC96B-515D-4019-8E20-E5638190583D}.PS2 USB Release|Win32.ActiveCfg = PS2 USB Release|Win32
		{9A6AC96B-515D-4019-8E20-E5638190583D}.PS2 USB Release|Win32.Build.0 = PS2 USB Release|Win32
		{9A6AC96B-515D-4019-8E20-E5638190583D}.Release|Win32.ActiveCfg = Release|Win32
		{9A6AC96B-515D-4019-8E20-E5638190583D}.Release|Win32.Build.0 = Release|Win32
		{9A6AC96B-515D-4019-8E20-E5638190583D}.XBox DevKit Debug|Win32.ActiveCfg = XBox DevKit Debug|Win32
		{9A6AC96B-515D-4019-8E20-E5638190583D}.XBox DevKit Debug|Win32.Build.0 = XBox DevKit Debug|Win32
		{9A6AC96B-515D-4019-8E20-E5638190583D}.XBox DevKit Release|Win32.ActiveCfg = XBox DevKit Release|Win32
		{9A6AC96B-515D-4019-8E20-E5638190583D}.XBox DevKit Release|Win32.Build.0 = XBox DevKit Release|Win32
		{9A6AC96B-515D-4019-8E20-E5638190583D}.XBox DVD Debug|Win32.ActiveCfg = XBox DevKit Release|Win32
		{9A6AC96B-515D-4019-8E20-E5638190583D}.XBox DVD Debug|Win32.Build.0 = XBox DevKit Release|Win32
		{9A6AC96B-515D-4019-8E20-E5638190583D}.XBox DVD Release|Win32.ActiveCfg = Release|Win32
		{9A6AC96B-515D-4019-8E20-E5638190583D}.XBox DVD Release|Win32.Build.0 = Release|Win32
		{4D5E2D34-EF0F-44FD-9B93-06D57B3D803B}.Debug|Win32.ActiveCfg = Debug|Win32
		{4D5E2D34-EF0F-44FD-9B93-06D57B3D803B}.Debug|Win32.Build.0 = Debug|Win32
		{4D5E2D34-EF0F-44FD-9B93-06D57B3D803B}.Dolphin DevKit Debug|Win32.ActiveCfg = Debug|Win32
		{4D5E2D34-EF0F-44FD-9B93-06D57B3D803B}.Dolphin DevKit Debug|Win32.Build.0 = Debug|Win32
		{4D5E2D34-EF0F-44FD-9B93-06D57B3D803B}.Dolphin DevKit Release|Win32.ActiveCfg = Release|Win32
		{4D5E2D34-EF0F-44FD-9B93-06D57B3D803B}.Dolphin DevKit Release|Win32.Build.0 = Release|Win32
		{4D5E2D34-EF0F-44FD-9B93-06D57B3D803B}.Dolphin DVD Debug|Win32.ActiveCfg = Debug|Win32
		{4D5E2D34-EF0F-44FD-9B93-06D57B3D803B}.Dolphin DVD Debug|Win32.Build.0 = Debug|Win32
		{4D5E2D34-EF0F-44FD-9B93-06D57B3D803B}.Dolphin DVD Release|Win32.ActiveCfg = Release|Win32
		{4D5E2D34-EF0F-44FD-9B93-06D57B3D803B}.Dolphin DVD Release|Win32.Build.0 = Release|Win32
		{4D5E2D34-EF0F-44FD-9B93-06D57B3D803B}.PC Debug|Win32.ActiveCfg = Debug|Win32
		{4D5E2D34-EF0F-44FD-9B93-06D57B3D803B}.PC Debug|Win32.Build.0 = Debug|Win32
		{4D5E2D34-EF0F-44FD-9B93-06D57B3D803B}.PC Release|Win32.ActiveCfg = Release|Win32
		{4D5E2D34-EF0F-44FD-9B93-06D57B3D803B}.PC Release|Win32.Build.0 = Release|Win32
		{4D5E2D34-EF0F-44FD-9B93-06D57B3D803B}.PC Server Debug|Win32.ActiveCfg = Debug|Win32
		{4D5E2D34-EF0F-44FD-9B93-06D57B3D803B}.PC Server Debug|Win32.Build.0 = Debug|Win32
		{4D5E2D34-EF0F-44FD-9B93-06D57B3D803B}.PC Server Release|Win32.ActiveCfg = Release|Win32
		{4D5E2D34-EF0F-44FD-9B93-06D57B3D803B}.PC Server Release|Win32.Build.0 = Release|Win32
		{4D5E2D34-EF0F-44FD-9B93-06D57B3D803B}.PS2 DevKit Debug|Win32.ActiveCfg = Debug|Win32
		{4D5E2D34-EF0F-44FD-9B93-06D57B3D803B}.PS2 DevKit Debug|Win32.Build.0 = Debug|Win32
		{4D5E2D34-EF0F-44FD-9B93-06D57B3D803B}.PS2 DevKit Release|Win32.ActiveCfg = Release|Win32
		{4D5E2D34-EF0F-44FD-9B93-06D57B3D803B}.PS2 DevKit Release|Win32.Build.0 = Release|Win32
		{4D5E2D34-EF0F-44FD-9B93-06D57B3D803B}.PS2 DVD Debug|Win32.ActiveCfg = Debug|Win32
		{4D5E2D34-EF0F-44FD-9B93-06D57B3D803B}.PS2 DVD Debug|Win32.Build.0 = Debug|Win32
		{4D5E2D34-EF0F-44FD-9B93-06D57B3D803B}.PS2 DVD Release|Win32.ActiveCfg = Release|Win32
		{4D5E2D34-EF0F-44FD-9B93-06D57B3D803B}.PS2 DVD Release|Win32.Build.0 = Release|Win32
		{4D5E2D34-EF0F-44FD-9B93-06D57B3D803B}.PS2 USB Debug|Win32.ActiveCfg = Debug|Win32
		{4D5E2D34-EF0F-44FD-9B93-06D57B3D803B}.PS2 USB Debug|Win32.Build.0 = Debug|Win32
		{4D5E2D34-EF0F-44FD-9B93-06D57B3D803B}.PS2 USB Release|Win32.ActiveCfg = Release|Win32
		{4D5E2D34-EF0F-44FD-9B93-06D57B3D803B}.PS2 USB Release|Win32.Build.0 = Release|Win32
		{4D5E2D34-EF0F-44FD-9B93-06D57B3D803B}.Release|Win32.ActiveCfg = Release|Win32
		{4D5E2D34-EF0F-44FD-9B93-06D57B3D803B}.Release|Win32.Build.0 = Release|Win32
		{4D5E2D34-EF0F-44FD-9B93-06D57B3D803B}.XBox DevKit Debug|Win32.ActiveCfg = Debug|Win32
		{4D5E2D34-EF0F-44FD-9B93-06D57B3D803B}.XBox DevKit Debug|Win32.Build.0 = Debug|Win32
		{4D5E2D34-EF0F-44FD-9B93-06D57B3D803B}.XBox DevKit Release|Win32.ActiveCfg = Release|Win32
		{4D5E2D34-EF0F-44FD-9B93-06D57B3D803B}.XBox DevKit Release|Win32.Build.0 = Release|Win32
		{4D5E2D34-EF0F-44FD-9B93-06D57B3D803B}.XBox DVD Debug|Win32.ActiveCfg = Debug|Win32
		{4D5E2D34-EF0F-44FD-9B93-06D57B3D803B}.XBox DVD Debug|Win32.Build.0 = Debug|Win32
		{4D5E2D34-EF0F-44FD-9B93-06D57B3D803B}.XBox DVD Release|Win32.ActiveCfg = Release|Win32
		{4D5E2D34-EF0F-44FD-9B93-06D57B3D803B}.XBox DVD Release|Win32.Build.0 = Release|Win32
		{F5635088-1448-4FC1-B547-8103D37F59D4}.Debug|Win32.ActiveCfg = Debug|Win32
		{F5635088-1448-4FC1-B547-8103D37F59D4}.Debug|Win32.Build.0 = Debug|Win32
		{F5635088-1448-4FC1-B547-8103D37F59D4}.Dolphin DevKit Debug|Win32.ActiveCfg = Dolphin DevKit Debug|Win32
		{F5635088-1448-4FC1-B547-8103D37F59D4}.Dolphin DevKit Debug|Win32.Build.0 = Dolphin DevKit Debug|Win32
		{F5635088-1448-4FC1-B547-8103D37F59D4}.Dolphin DevKit Release|Win32.ActiveCfg = Dolphin DevKit Release|Win32
		{F5635088-1448-4FC1-B547-8103D37F59D4}.Dolphin DevKit Release|Win32.Build.0 = Dolphin DevKit Release|Win32
		{F5635088-1448-4FC1-B547-8103D37F59D4}.Dolphin DVD Debug|Win32.ActiveCfg = Dolphin DVD Debug|Win32
		{F5635088-1448-4FC1-B547-8103D37F59D4}.Dolphin DVD Debug|Win32.Build.0 = Dolphin DVD Debug|Win32
		{F5635088-1448-4FC1-B547-8103D37F59D4}.Dolphin DVD Release|Win32.ActiveCfg = Dolphin DVD Release|Win32
		{F5635088-1448-4FC1-B547-8103D37F59D4}.Dolphin DVD Release|Win32.Build.0 = Dolphin DVD Release|Win32
		{F5635088-1448-4FC1-B547-8103D37F59D4}.PC Debug|Win32.ActiveCfg = PC Debug|Win32
		{F5635088-1448-4FC1-B547-8103D37F59D4}.PC Debug|Win32.Build.0 = PC Debug|Win32
		{F5635088-1448-4FC1-B547-8103D37F59D4}.PC Release|Win32.ActiveCfg = PC Release|Win32
		{F5635088-1448-4FC1-B547-8103D37F59D4}.PC Release|Win32.Build.0 = PC Release|Win32
		{F5635088-1448-4FC1-B547-8103D37F59D4}.PC Server Debug|Win32.ActiveCfg = Debug|Win32
		{F5635088-1448-4FC1-B547-8103D37F59D4}.PC Server Debug|Win32.Build.0 = Debug|Win32
		{F5635088-1448-4FC1-B547-8103D37F59D4}.PC Server Release|Win32.ActiveCfg = Release|Win32
		{F5635088-1448-4FC1-B547-8103D37F59D4}.PC Server Release|Win32.Build.0 = Release|Win32
		{F5635088-1448-4FC1-B547-8103D37F59D4}.PS2 DevKit Debug|Win32.ActiveCfg = PS2 DevKit Debug|Win32
		{F5635088-1448-4FC1-B547-8103D37F59D4}.PS2 DevKit Debug|Win32.Build.0 = PS2 DevKit Debug|Win32
		{F5635088-1448-4FC1-B547-8103D37F59D4}.PS2 DevKit Release|Win32.ActiveCfg = PS2 DevKit Release|Win32
		{F5635088-1448-4FC1-B547-8103D37F59D4}.PS2 DevKit Release|Win32.Build.0 = PS2 DevKit Release|Win32
		{F5635088-1448-4FC1-B547-8103D37F59D4}.PS2 DVD Debug|Win32.ActiveCfg = PS2 DVD Debug|Win32
		{F5635088-1448-4FC1-B547-8103D37F59D4}.PS2 DVD Debug|Win32.Build.0 = PS2 DVD Debug|Win32
		{F5635088-1448-4FC1-B547-8103D37F59D4}.PS2 DVD Release|Win32.ActiveCfg = PS2 DVD Release|Win32
		{F5635088-1448-4FC1-B547-8103D37F59D4}.PS2 DVD Release|Win32.Build.0 = PS2 DVD Release|Win32
		{F5635088-1448-4FC1-B547-8103D37F59D4}.PS2 USB Debug|Win32.ActiveCfg = PS2 USB Debug|Win32
		{F5635088-1448-4FC1-B547-8103D37F59D4}.PS2 USB Debug|Win32.Build.0 = PS2 USB Debug|Win32
		{F5635088-1448-4FC1-B547-8103D37F59D4}.PS2 USB Release|Win32.ActiveCfg = PS2 USB Release|Win32
		{F5635088-1448-4FC1-B547-8103D37F59D4}.PS2 USB Release|Win32.Build.0 = PS2 USB Release|Win32
		{F5635088-1448-4FC1-B547-8103D37F59D4}.Release|Win32.ActiveCfg = Release|Win32
		{F5635088-1448-4FC1-B547-8103D37F59D4}.Release|Win32.Build.0 = Release|Win32
		{F5635088-1448-4FC1-B547-8103D37F59D4}.XBox DevKit Debug|Win32.ActiveCfg = XBox Devkit Debug|Win32
		{F5635088-1448-4FC1-B547-8103D37F59D4}.XBox DevKit Debug|Win32.Build.0 = XBox Devkit Debug|Win32
		{F5635088-1448-4FC1-B547-8103D37F59D4}.XBox DevKit Release|Win32.ActiveCfg = XBox Devkit Release|Win32
		{F5635088-1448-4FC1-B547-8103D37F59D4}.XBox DevKit Release|Win32.Build.0 = XBox Devkit Release|Win32
		{F5635088-1448-4FC1-B547-8103D37F59D4}.XBox DVD Debug|Win32.ActiveCfg = XBox Devkit Debug|Win32
		{F5635088-1448-4FC1-B547-8103D37F59D4}.XBox DVD Debug|Win32.Build.0 = XBox Devkit Debug|Win32
		{F5635088-1448-4FC1-B547-8103D37F59D4}.XBox DVD Release|Win32.ActiveCfg = Release|Win32
		{F5635088-1448-4FC1-B547-8103D37F59D4}.XBox DVD Release|Win32.Build.0 = Release|Win32
		{A7C7B531-5C1F-4243-B4FB-5A077FAA39C7}.Debug|Win32.ActiveCfg = Debug|Win32
		{A7C7B531-5C1F-4243-B4FB-5A077FAA39C7}.Debug|Win32.Build.0 = Debug|Win32
		{A7C7B531-5C1F-4243-B4FB-5A077FAA39C7}.Dolphin DevKit Debug|Win32.ActiveCfg = Dolphin DevKit Debug|Win32
		{A7C7B531-5C1F-4243-B4FB-5A077FAA39C7}.Dolphin DevKit Debug|Win32.Build.0 = Dolphin DevKit Debug|Win32
		{A7C7B531-5C1F-4243-B4FB-5A077FAA39C7}.Dolphin DevKit Release|Win32.ActiveCfg = Dolphin DevKit Release|Win32
		{A7C7B531-5C1F-4243-B4FB-5A077FAA39C7}.Dolphin DevKit Release|Win32.Build.0 = Dolphin DevKit Release|Win32
		{A7C7B531-5C1F-4243-B4FB-5A077FAA39C7}.Dolphin DVD Debug|Win32.ActiveCfg = Dolphin DVD Debug|Win32
		{A7C7B531-5C1F-4243-B4FB-5A077FAA39C7}.Dolphin DVD Debug|Win32.Build.0 = Dolphin DVD Debug|Win32
		{A7C7B531-5C1F-4243-B4FB-5A077FAA39C7}.Dolphin DVD Release|Win32.ActiveCfg = Dolphin DVD Release|Win32
		{A7C7B531-5C1F-4243-B4FB-5A077FAA39C7}.Dolphin DVD Release|Win32.Build.0 = Dolphin DVD Release|Win32
		{A7C7B531-5C1F-4243-B4FB-5A077FAA39C7}.PC Debug|Win32.ActiveCfg = PC Debug|Win32
		{A7C7B531-5C1F-4243-B4FB-5A077FAA39C7}.PC Debug|Win32.Build.0 = PC Debug|Win32
		{A7C7B531-5C1F-4243-B4FB-5A077FAA39C7}.PC Release|Win32.ActiveCfg = PC Release|Win32
		{A7C7B531-5C1F-4243-B4FB-5A077FAA39C7}.PC Release|Win32.Build.0 = PC Release|Win32
		{A7C7B531-5C1F-4243-B4FB-5A077FAA39C7}.PC Server Debug|Win32.ActiveCfg = PC Server Debug|Win32
		{A7C7B531-5C1F-4243-B4FB-5A077FAA39C7}.PC Server Debug|Win32.Build.0 = PC Server Debug|Win32
		{A7C7B531-5C1F-4243-B4FB-5A077FAA39C7}.PC Server Release|Win32.ActiveCfg = PC Server Release|Win32
		{A7C7B531-5C1F-4243-B4FB-5A077FAA39C7}.PC Server Release|Win32.Build.0 = PC Server Release|Win32
		{A7C7B531-5C1F-4243-B4FB-5A077FAA39C7}.PS2 DevKit Debug|Win32.ActiveCfg = PS2 DevKit Debug|Win32
		{A7C7B531-5C1F-4243-B4FB-5A077FAA39C7}.PS2 DevKit Debug|Win32.Build.0 = PS2 DevKit Debug|Win32
		{A7C7B531-5C1F-4243-B4FB-5A077FAA39C7}.PS2 DevKit Release|Win32.ActiveCfg = PS2 DevKit Release|Win32
		{A7C7B531-5C1F-4243-B4FB-5A077FAA39C7}.PS2 DevKit Release|Win32.Build.0 = PS2 DevKit Release|Win32
		{A7C7B531-5C1F-4243-B4FB-5A077FAA39C7}.PS2 DVD Debug|Win32.ActiveCfg = PS2 DVD Debug|Win32
		{A7C7B531-5C1F-4243-B4FB-5A077FAA39C7}.PS2 DVD Debug|Win32.Build.0 = PS2 DVD Debug|Win32
		{A7C7B531-5C1F-4243-B4FB-5A077FAA39C7}.PS2 DVD Release|Win32.ActiveCfg = PS2 DVD Release|Win32
		{A7C7B531-5C1F-4243-B4FB-5A077FAA39C7}.PS2 DVD Release|Win32.Build.0 = PS2 DVD Release|Win32
		{A7C7B531-5C1F-4243-B4FB-5A077FAA39C7}.PS2 USB Debug|Win32.ActiveCfg = PS2 USB Debug|Win32
		{A7C7B531-5C1F-4243-B4FB-5A077FAA39C7}.PS2 USB Debug|Win32.Build.0 = PS2 USB Debug|Win32
		{A7C7B531-5C1F-4243-B4FB-5A077FAA39C7}.PS2 USB Release|Win32.ActiveCfg = PS2 USB Release|Win32
		{A7C7B531-5C1F-4243-B4FB-5A077FAA39C7}.PS2 USB Release|Win32.Build.0 = PS2 USB Release|Win32
		{A7C7B531-5C1F-4243-B4FB-5A077FAA39C7}.Release|Win32.ActiveCfg = Release|Win32
		{A7C7B531-5C1F-4243-B4FB-5A077FAA39C7}.Release|Win32.Build.0 = Release|Win32
		{A7C7B531-5C1F-4243-B4FB-5A077FAA39C7}.XBox DevKit Debug|Win32.ActiveCfg = XBox DevKit Debug|Win32
		{A7C7B531-5C1F-4243-B4FB-5A077FAA39C7}.XBox DevKit Debug|Win32.Build.0 = XBox DevKit Debug|Win32
		{A7C7B531-5C1F-4243-B4FB-5A077FAA39C7}.XBox DevKit Release|Win32.ActiveCfg = XBox DevKit Release|Win32
		{A7C7B531-5C1F-4243-B4FB-5A077FAA39C7}.XBox DevKit Release|Win32.Build.0 = XBox DevKit Release|Win32
		{A7C7B531-5C1F-4243-B4FB-5A077FAA39C7}.XBox DVD Debug|Win32.ActiveCfg = XBox DVD Debug|Win32
		{A7C7B531-5C1F-4243-B4FB-5A077FAA39C7}.XBox DVD Debug|Win32.Build.0 = XBox DVD Debug|Win32
		{A7C7B531-5C1F-4243-B4FB-5A077FAA39C7}.XBox DVD Release|Win32.ActiveCfg = XBox DVD Release|Win32
		{A7C7B531-5C1F-4243-B4FB-5A077FAA39C7}.XBox DVD Release|Win32.Build.0 = XBox DVD Release|Win32
	EndGlobalSection
	GlobalSection(SolutionProperties) = preSolution
		HideSolutionNode = FALSE
	EndGlobalSection
EndGlobal
